
Microsoft Visual Studio Solution File, Format Version 12.00
Project("{2150E333-8FDC-42A3-9474-1A3956D46DE8}") = "Домашка от 21.04", "Домашка от 21.04", "{4E148AEA-B28B-48AE-AAD7-7851C7CA7D62}"
EndProject
Project("{FAE04EC0-301F-11D3-BF4B-00C04F79EFBC}") = "Домашка от 31.03 работа с классом Car", "Домашка от 31.03 работа с классом Car\Домашка от 31.03 работа с классом Car.csproj", "{F4F697EC-E38A-482C-ABF1-CAB15E115B74}"
EndProject
Project("{FAE04EC0-301F-11D3-BF4B-00C04F79EFBC}") = "Домашка от 21.04 фигуры атрибуты всё такое", "Домашка от 21.04 фигуры атрибуты всё такое\Домашка от 21.04 фигуры атрибуты всё такое.csproj", "{E0177F9C-F409-4A7E-9411-BFFAFF36A346}"
EndProject
Project("{2150E333-8FDC-42A3-9474-1A3956D46DE8}") = "Домашка от 21.04", "Домашка от 21.04", "{0D25340A-135A-49BF-9F97-333AE703B48A}"
EndProject
Project("{FAE04EC0-301F-11D3-BF4B-00C04F79EFBC}") = "Домашка от 14.04 транспортная карта", "Домашка от 14.04 транспортная карта\Домашка от 14.04 транспортная карта\Домашка от 14.04 транспортная карта.csproj", "{18AD7DDC-AFF1-4557-87E0-6D8C736B72A5}"
EndProject
Global
	GlobalSection(SolutionConfigurationPlatforms) = preSolution
		Debug|Any CPU = Debug|Any CPU
		Release|Any CPU = Release|Any CPU
	EndGlobalSection
	GlobalSection(NestedProjects) = preSolution
		{F4F697EC-E38A-482C-ABF1-CAB15E115B74} = {4E148AEA-B28B-48AE-AAD7-7851C7CA7D62}
		{E0177F9C-F409-4A7E-9411-BFFAFF36A346} = {4E148AEA-B28B-48AE-AAD7-7851C7CA7D62}
		{18AD7DDC-AFF1-4557-87E0-6D8C736B72A5} = {0D25340A-135A-49BF-9F97-333AE703B48A}
	EndGlobalSection
	GlobalSection(ProjectConfigurationPlatforms) = postSolution
		{F4F697EC-E38A-482C-ABF1-CAB15E115B74}.Debug|Any CPU.ActiveCfg = Debug|Any CPU
		{F4F697EC-E38A-482C-ABF1-CAB15E115B74}.Debug|Any CPU.Build.0 = Debug|Any CPU
		{F4F697EC-E38A-482C-ABF1-CAB15E115B74}.Release|Any CPU.ActiveCfg = Release|Any CPU
		{F4F697EC-E38A-482C-ABF1-CAB15E115B74}.Release|Any CPU.Build.0 = Release|Any CPU
		{E0177F9C-F409-4A7E-9411-BFFAFF36A346}.Debug|Any CPU.ActiveCfg = Debug|Any CPU
		{E0177F9C-F409-4A7E-9411-BFFAFF36A346}.Debug|Any CPU.Build.0 = Debug|Any CPU
		{E0177F9C-F409-4A7E-9411-BFFAFF36A346}.Release|Any CPU.ActiveCfg = Release|Any CPU
		{E0177F9C-F409-4A7E-9411-BFFAFF36A346}.Release|Any CPU.Build.0 = Release|Any CPU
		{18AD7DDC-AFF1-4557-87E0-6D8C736B72A5}.Debug|Any CPU.ActiveCfg = Debug|Any CPU
		{18AD7DDC-AFF1-4557-87E0-6D8C736B72A5}.Debug|Any CPU.Build.0 = Debug|Any CPU
		{18AD7DDC-AFF1-4557-87E0-6D8C736B72A5}.Release|Any CPU.ActiveCfg = Release|Any CPU
		{18AD7DDC-AFF1-4557-87E0-6D8C736B72A5}.Release|Any CPU.Build.0 = Release|Any CPU
	EndGlobalSection
EndGlobal
